
Microsoft Visual Studio Solution File, Format Version 12.00
# Visual Studio 15
VisualStudioVersion = 15.0.28307.489
MinimumVisualStudioVersion = 10.0.40219.1
Project("{FAE04EC0-301F-11D3-BF4B-00C04F79EFBC}") = "EAAutoFramework", "EATestProject\EAAutoFramework.csproj", "{B558982A-6A58-4016-ADB9-F2EF5701ED10}"
EndProject
Project("{FAE04EC0-301F-11D3-BF4B-00C04F79EFBC}") = "EAEmployeeTest", "EAEmployeeTest\EAEmployeeTest.csproj", "{044F0A9C-0449-4465-9FEE-835AA85B00AB}"
EndProject
Project("{FAE04EC0-301F-11D3-BF4B-00C04F79EFBC}") = "CrossPlatformEATest", "CrossPlatformEATest\CrossPlatformEATest.csproj", "{62CB3DEA-059A-4530-8262-DA2FEB84DCAB}"
EndProject
Global
	GlobalSection(SolutionConfigurationPlatforms) = preSolution
		Debug|Any CPU = Debug|Any CPU
		Release|Any CPU = Release|Any CPU
	EndGlobalSection
	GlobalSection(ProjectConfigurationPlatforms) = postSolution
		{B558982A-6A58-4016-ADB9-F2EF5701ED10}.Debug|Any CPU.ActiveCfg = Debug|Any CPU
		{B558982A-6A58-4016-ADB9-F2EF5701ED10}.Debug|Any CPU.Build.0 = Debug|Any CPU
		{B558982A-6A58-4016-ADB9-F2EF5701ED10}.Release|Any CPU.ActiveCfg = Release|Any CPU
		{B558982A-6A58-4016-ADB9-F2EF5701ED10}.Release|Any CPU.Build.0 = Release|Any CPU
		{044F0A9C-0449-4465-9FEE-835AA85B00AB}.Debug|Any CPU.ActiveCfg = Debug|Any CPU
		{044F0A9C-0449-4465-9FEE-835AA85B00AB}.Debug|Any CPU.Build.0 = Debug|Any CPU
		{044F0A9C-0449-4465-9FEE-835AA85B00AB}.Release|Any CPU.ActiveCfg = Release|Any CPU
		{044F0A9C-0449-4465-9FEE-835AA85B00AB}.Release|Any CPU.Build.0 = Release|Any CPU
		{62CB3DEA-059A-4530-8262-DA2FEB84DCAB}.Debug|Any CPU.ActiveCfg = Debug|Any CPU
		{62CB3DEA-059A-4530-8262-DA2FEB84DCAB}.Debug|Any CPU.Build.0 = Debug|Any CPU
		{62CB3DEA-059A-4530-8262-DA2FEB84DCAB}.Release|Any CPU.ActiveCfg = Release|Any CPU
		{62CB3DEA-059A-4530-8262-DA2FEB84DCAB}.Release|Any CPU.Build.0 = Release|Any CPU
	EndGlobalSection
	GlobalSection(SolutionProperties) = preSolution
		HideSolutionNode = FALSE
	EndGlobalSection
	GlobalSection(ExtensibilityGlobals) = postSolution
		SolutionGuid = {C58E5220-3B73-4191-88BB-AEFCE4CA98D2}
	EndGlobalSection
EndGlobal
